
Microsoft Visual Studio Solution File, Format Version 12.00
# Visual Studio Version 17
VisualStudioVersion = 17.13.35507.96
MinimumVisualStudioVersion = 10.0.40219.1
Project("{2150E333-8FDC-42A3-9474-1A3956D46DE8}") = "SolutionFolder", "SolutionFolder", "{87AB0625-B593-4103-95F8-D3303E88B584}"
	ProjectSection(SolutionItems) = preProject
		libcamera-shim\CMakeLists.txt = libcamera-shim\CMakeLists.txt
		..\README.md = ..\README.md
	EndProjectSection
EndProject
Project("{FAE04EC0-301F-11D3-BF4B-00C04F79EFBC}") = "Bld.LibcameraNet", "Bld.LibcameraNet\Bld.LibcameraNet.csproj", "{B98752A5-A6A1-E1BC-56BD-38C64D81FD06}"
EndProject
Project("{FAE04EC0-301F-11D3-BF4B-00C04F79EFBC}") = "Bld.LibcameraNet.JpegCapture", "examples\Bld.LibcameraNet.JpegCapture\Bld.LibcameraNet.JpegCapture.csproj", "{3B34B931-FBB3-4332-A070-31F4ACA97F64}"
EndProject
Project("{FAE04EC0-301F-11D3-BF4B-00C04F79EFBC}") = "Bld.LibcameraNet.Example", "examples\Bld.LibcameraNet.Example\Bld.LibcameraNet.Example.csproj", "{BA737225-AEA7-EAE5-A3A3-8C8322138E43}"
EndProject
Project("{9A19103F-16F7-4668-BE54-9A1E7A4F7556}") = "_build", "..\build\_build.csproj", "{B7731AEC-D59A-4F73-83E3-76CCF7511FDC}"
EndProject
Global
	GlobalSection(SolutionConfigurationPlatforms) = preSolution
		Debug|Any CPU = Debug|Any CPU
		Release|Any CPU = Release|Any CPU
	EndGlobalSection
	GlobalSection(ProjectConfigurationPlatforms) = postSolution
		{B7731AEC-D59A-4F73-83E3-76CCF7511FDC}.Debug|Any CPU.ActiveCfg = Debug|Any CPU
		{B7731AEC-D59A-4F73-83E3-76CCF7511FDC}.Release|Any CPU.ActiveCfg = Release|Any CPU
		{B98752A5-A6A1-E1BC-56BD-38C64D81FD06}.Debug|Any CPU.ActiveCfg = Debug|Any CPU
		{B98752A5-A6A1-E1BC-56BD-38C64D81FD06}.Debug|Any CPU.Build.0 = Debug|Any CPU
		{B98752A5-A6A1-E1BC-56BD-38C64D81FD06}.Release|Any CPU.ActiveCfg = Release|Any CPU
		{B98752A5-A6A1-E1BC-56BD-38C64D81FD06}.Release|Any CPU.Build.0 = Release|Any CPU
		{3B34B931-FBB3-4332-A070-31F4ACA97F64}.Debug|Any CPU.ActiveCfg = Debug|Any CPU
		{3B34B931-FBB3-4332-A070-31F4ACA97F64}.Debug|Any CPU.Build.0 = Debug|Any CPU
		{3B34B931-FBB3-4332-A070-31F4ACA97F64}.Release|Any CPU.ActiveCfg = Release|Any CPU
		{3B34B931-FBB3-4332-A070-31F4ACA97F64}.Release|Any CPU.Build.0 = Release|Any CPU
		{BA737225-AEA7-EAE5-A3A3-8C8322138E43}.Debug|Any CPU.ActiveCfg = Debug|Any CPU
		{BA737225-AEA7-EAE5-A3A3-8C8322138E43}.Debug|Any CPU.Build.0 = Debug|Any CPU
		{BA737225-AEA7-EAE5-A3A3-8C8322138E43}.Release|Any CPU.ActiveCfg = Release|Any CPU
		{BA737225-AEA7-EAE5-A3A3-8C8322138E43}.Release|Any CPU.Build.0 = Release|Any CPU
	EndGlobalSection
	GlobalSection(SolutionProperties) = preSolution
		HideSolutionNode = FALSE
	EndGlobalSection
	GlobalSection(ExtensibilityGlobals) = postSolution
		SolutionGuid = {75719794-9DC8-401B-9B89-E53FDE2E1648}
	EndGlobalSection
EndGlobal
